
Microsoft Visual Studio Solution File, Format Version 12.00
# Visual Studio Version 16
VisualStudioVersion = 16.0.29123.88
MinimumVisualStudioVersion = 10.0.40219.1
Project("{FAE04EC0-301F-11D3-BF4B-00C04F79EFBC}") = "Console", "Console\Console.csproj", "{94109096-1D6E-4066-BE41-2F83792C2F0A}"
EndProject
Project("{FAE04EC0-301F-11D3-BF4B-00C04F79EFBC}") = "Backend", "..\analysis-net\Backend\Backend.csproj", "{45C7B613-E32D-43E8-8030-932D509602EB}"
EndProject
Project("{2150E333-8FDC-42A3-9474-1A3956D46DE8}") = "analysis-net", "analysis-net", "{68A5379B-7D3F-4353-9225-15EE03AE0534}"
EndProject
Project("{FAE04EC0-301F-11D3-BF4B-00C04F79EFBC}") = "NewAnalyses", "NewAnalyses\NewAnalyses.csproj", "{0FDB8BD1-1407-423A-BBBD-C7403A7E4ED0}"
EndProject
Project("{FAE04EC0-301F-11D3-BF4B-00C04F79EFBC}") = "Model", "..\analysis-net\Model\Model.csproj", "{F08216AD-E55C-44B1-A253-AB8B024B7597}"
EndProject
Project("{FAE04EC0-301F-11D3-BF4B-00C04F79EFBC}") = "CCIProvider", "..\analysis-net\CCIProvider\CCIProvider.csproj", "{D19D0C62-FB8C-427D-B6A4-8433EF3DB6A5}"
EndProject
Project("{FAE04EC0-301F-11D3-BF4B-00C04F79EFBC}") = "MetadataProvider", "..\analysis-net\MetadataProvider\MetadataProvider.csproj", "{7D94DAAC-E703-430D-BCEB-D10E4C565FF8}"
EndProject
Project("{FAE04EC0-301F-11D3-BF4B-00C04F79EFBC}") = "Test", "Test\Test.csproj", "{FE0BC926-4196-4F54-AA3D-470F7D66B6DC}"
EndProject
Project("{FAE04EC0-301F-11D3-BF4B-00C04F79EFBC}") = "Utils", "Utils\Utils.csproj", "{3A9BA76F-D261-4098-BA43-A35FAFACF925}"
EndProject
Global
	GlobalSection(SolutionConfigurationPlatforms) = preSolution
		Debug|Any CPU = Debug|Any CPU
		NightlyDebug|Any CPU = NightlyDebug|Any CPU
		NightlyRelease|Any CPU = NightlyRelease|Any CPU
		Release|Any CPU = Release|Any CPU
	EndGlobalSection
	GlobalSection(ProjectConfigurationPlatforms) = postSolution
		{94109096-1D6E-4066-BE41-2F83792C2F0A}.Debug|Any CPU.ActiveCfg = Debug|Any CPU
		{94109096-1D6E-4066-BE41-2F83792C2F0A}.Debug|Any CPU.Build.0 = Debug|Any CPU
		{94109096-1D6E-4066-BE41-2F83792C2F0A}.NightlyDebug|Any CPU.ActiveCfg = Debug|Any CPU
		{94109096-1D6E-4066-BE41-2F83792C2F0A}.NightlyDebug|Any CPU.Build.0 = Debug|Any CPU
		{94109096-1D6E-4066-BE41-2F83792C2F0A}.NightlyRelease|Any CPU.ActiveCfg = Release|Any CPU
		{94109096-1D6E-4066-BE41-2F83792C2F0A}.NightlyRelease|Any CPU.Build.0 = Release|Any CPU
		{94109096-1D6E-4066-BE41-2F83792C2F0A}.Release|Any CPU.ActiveCfg = Release|Any CPU
		{94109096-1D6E-4066-BE41-2F83792C2F0A}.Release|Any CPU.Build.0 = Release|Any CPU
		{45C7B613-E32D-43E8-8030-932D509602EB}.Debug|Any CPU.ActiveCfg = Debug|Any CPU
		{45C7B613-E32D-43E8-8030-932D509602EB}.Debug|Any CPU.Build.0 = Debug|Any CPU
		{45C7B613-E32D-43E8-8030-932D509602EB}.NightlyDebug|Any CPU.ActiveCfg = Debug|Any CPU
		{45C7B613-E32D-43E8-8030-932D509602EB}.NightlyDebug|Any CPU.Build.0 = Debug|Any CPU
		{45C7B613-E32D-43E8-8030-932D509602EB}.NightlyRelease|Any CPU.ActiveCfg = Release|Any CPU
		{45C7B613-E32D-43E8-8030-932D509602EB}.NightlyRelease|Any CPU.Build.0 = Release|Any CPU
		{45C7B613-E32D-43E8-8030-932D509602EB}.Release|Any CPU.ActiveCfg = Release|Any CPU
		{45C7B613-E32D-43E8-8030-932D509602EB}.Release|Any CPU.Build.0 = Release|Any CPU
		{0FDB8BD1-1407-423A-BBBD-C7403A7E4ED0}.Debug|Any CPU.ActiveCfg = Debug|Any CPU
		{0FDB8BD1-1407-423A-BBBD-C7403A7E4ED0}.Debug|Any CPU.Build.0 = Debug|Any CPU
		{0FDB8BD1-1407-423A-BBBD-C7403A7E4ED0}.NightlyDebug|Any CPU.ActiveCfg = Debug|Any CPU
		{0FDB8BD1-1407-423A-BBBD-C7403A7E4ED0}.NightlyDebug|Any CPU.Build.0 = Debug|Any CPU
		{0FDB8BD1-1407-423A-BBBD-C7403A7E4ED0}.NightlyRelease|Any CPU.ActiveCfg = Release|Any CPU
		{0FDB8BD1-1407-423A-BBBD-C7403A7E4ED0}.NightlyRelease|Any CPU.Build.0 = Release|Any CPU
		{0FDB8BD1-1407-423A-BBBD-C7403A7E4ED0}.Release|Any CPU.ActiveCfg = Release|Any CPU
		{0FDB8BD1-1407-423A-BBBD-C7403A7E4ED0}.Release|Any CPU.Build.0 = Release|Any CPU
		{F08216AD-E55C-44B1-A253-AB8B024B7597}.Debug|Any CPU.ActiveCfg = Debug|Any CPU
		{F08216AD-E55C-44B1-A253-AB8B024B7597}.Debug|Any CPU.Build.0 = Debug|Any CPU
		{F08216AD-E55C-44B1-A253-AB8B024B7597}.NightlyDebug|Any CPU.ActiveCfg = Debug|Any CPU
		{F08216AD-E55C-44B1-A253-AB8B024B7597}.NightlyDebug|Any CPU.Build.0 = Debug|Any CPU
		{F08216AD-E55C-44B1-A253-AB8B024B7597}.NightlyRelease|Any CPU.ActiveCfg = Release|Any CPU
		{F08216AD-E55C-44B1-A253-AB8B024B7597}.NightlyRelease|Any CPU.Build.0 = Release|Any CPU
		{F08216AD-E55C-44B1-A253-AB8B024B7597}.Release|Any CPU.ActiveCfg = Release|Any CPU
		{F08216AD-E55C-44B1-A253-AB8B024B7597}.Release|Any CPU.Build.0 = Release|Any CPU
		{D19D0C62-FB8C-427D-B6A4-8433EF3DB6A5}.Debug|Any CPU.ActiveCfg = Debug|Any CPU
		{D19D0C62-FB8C-427D-B6A4-8433EF3DB6A5}.Debug|Any CPU.Build.0 = Debug|Any CPU
		{D19D0C62-FB8C-427D-B6A4-8433EF3DB6A5}.NightlyDebug|Any CPU.ActiveCfg = Debug|Any CPU
		{D19D0C62-FB8C-427D-B6A4-8433EF3DB6A5}.NightlyDebug|Any CPU.Build.0 = Debug|Any CPU
		{D19D0C62-FB8C-427D-B6A4-8433EF3DB6A5}.NightlyRelease|Any CPU.ActiveCfg = Release|Any CPU
		{D19D0C62-FB8C-427D-B6A4-8433EF3DB6A5}.NightlyRelease|Any CPU.Build.0 = Release|Any CPU
		{D19D0C62-FB8C-427D-B6A4-8433EF3DB6A5}.Release|Any CPU.ActiveCfg = Release|Any CPU
		{D19D0C62-FB8C-427D-B6A4-8433EF3DB6A5}.Release|Any CPU.Build.0 = Release|Any CPU
		{7D94DAAC-E703-430D-BCEB-D10E4C565FF8}.Debug|Any CPU.ActiveCfg = Debug|Any CPU
		{7D94DAAC-E703-430D-BCEB-D10E4C565FF8}.Debug|Any CPU.Build.0 = Debug|Any CPU
		{7D94DAAC-E703-430D-BCEB-D10E4C565FF8}.NightlyDebug|Any CPU.ActiveCfg = Debug|Any CPU
		{7D94DAAC-E703-430D-BCEB-D10E4C565FF8}.NightlyDebug|Any CPU.Build.0 = Debug|Any CPU
		{7D94DAAC-E703-430D-BCEB-D10E4C565FF8}.NightlyRelease|Any CPU.ActiveCfg = Release|Any CPU
		{7D94DAAC-E703-430D-BCEB-D10E4C565FF8}.NightlyRelease|Any CPU.Build.0 = Release|Any CPU
		{7D94DAAC-E703-430D-BCEB-D10E4C565FF8}.Release|Any CPU.ActiveCfg = Release|Any CPU
		{7D94DAAC-E703-430D-BCEB-D10E4C565FF8}.Release|Any CPU.Build.0 = Release|Any CPU
		{FE0BC926-4196-4F54-AA3D-470F7D66B6DC}.Debug|Any CPU.ActiveCfg = Debug|Any CPU
		{FE0BC926-4196-4F54-AA3D-470F7D66B6DC}.Debug|Any CPU.Build.0 = Debug|Any CPU
		{FE0BC926-4196-4F54-AA3D-470F7D66B6DC}.NightlyDebug|Any CPU.ActiveCfg = Debug|Any CPU
		{FE0BC926-4196-4F54-AA3D-470F7D66B6DC}.NightlyDebug|Any CPU.Build.0 = Debug|Any CPU
		{FE0BC926-4196-4F54-AA3D-470F7D66B6DC}.NightlyRelease|Any CPU.ActiveCfg = Release|Any CPU
		{FE0BC926-4196-4F54-AA3D-470F7D66B6DC}.NightlyRelease|Any CPU.Build.0 = Release|Any CPU
		{FE0BC926-4196-4F54-AA3D-470F7D66B6DC}.Release|Any CPU.ActiveCfg = Release|Any CPU
		{FE0BC926-4196-4F54-AA3D-470F7D66B6DC}.Release|Any CPU.Build.0 = Release|Any CPU
		{3A9BA76F-D261-4098-BA43-A35FAFACF925}.Debug|Any CPU.ActiveCfg = Debug|Any CPU
		{3A9BA76F-D261-4098-BA43-A35FAFACF925}.Debug|Any CPU.Build.0 = Debug|Any CPU
		{3A9BA76F-D261-4098-BA43-A35FAFACF925}.NightlyDebug|Any CPU.ActiveCfg = Debug|Any CPU
		{3A9BA76F-D261-4098-BA43-A35FAFACF925}.NightlyDebug|Any CPU.Build.0 = Debug|Any CPU
		{3A9BA76F-D261-4098-BA43-A35FAFACF925}.NightlyRelease|Any CPU.ActiveCfg = Release|Any CPU
		{3A9BA76F-D261-4098-BA43-A35FAFACF925}.NightlyRelease|Any CPU.Build.0 = Release|Any CPU
		{3A9BA76F-D261-4098-BA43-A35FAFACF925}.Release|Any CPU.ActiveCfg = Release|Any CPU
		{3A9BA76F-D261-4098-BA43-A35FAFACF925}.Release|Any CPU.Build.0 = Release|Any CPU
	EndGlobalSection
	GlobalSection(SolutionProperties) = preSolution
		HideSolutionNode = FALSE
	EndGlobalSection
	GlobalSection(NestedProjects) = preSolution
		{45C7B613-E32D-43E8-8030-932D509602EB} = {68A5379B-7D3F-4353-9225-15EE03AE0534}
		{F08216AD-E55C-44B1-A253-AB8B024B7597} = {68A5379B-7D3F-4353-9225-15EE03AE0534}
		{D19D0C62-FB8C-427D-B6A4-8433EF3DB6A5} = {68A5379B-7D3F-4353-9225-15EE03AE0534}
		{7D94DAAC-E703-430D-BCEB-D10E4C565FF8} = {68A5379B-7D3F-4353-9225-15EE03AE0534}
	EndGlobalSection
	GlobalSection(ExtensibilityGlobals) = postSolution
		SolutionGuid = {17DD2FDC-0129-4C96-A903-C0B7B21C87EB}
	EndGlobalSection
EndGlobal
